lockfileVersion: '6.0'

settings:
  autoInstallPeers: true
  excludeLinksFromLockfile: false

dependencies:
  arktype:
    specifier: ^2.1.9
    version: 2.1.9
  idb:
    specifier: ^8.0.2
    version: 8.0.2
  nanoid:
    specifier: ^5.1.3
    version: 5.1.3

devDependencies:
  typescript:
    specifier: ^5.8.2
    version: 5.8.2

packages:

  /@ark/schema@0.44.4:
    resolution: {integrity: sha512-TsZTX+k5J7xsGABsFjVdRUNgViGDMLv73sikBM8JNxC4STe0suTuMNa1OJ/AFP2N+LpJ1zL9tdWlg28PRqAYhg==}
    dependencies:
      '@ark/util': 0.44.4
    dev: false

  /@ark/util@0.44.4:
    resolution: {integrity: sha512-zLfNZrsq5Dq+8B0pHJwL/wD3xNBHb8FoP0FuPB455w7HpqVaqO5qPXvn+YoO8v1Y6pNwLVsM9vCIiO221LoODQ==}
    dev: false

  /arktype@2.1.9:
    resolution: {integrity: sha512-bq46shcLpfop4D9acVQN/+quZ+hIGs4OUzoLq2vCaZLdkITOlWkfamBk9abMuC6fbgxW1fu/2PamcQgggWhTwQ==}
    dependencies:
      '@ark/schema': 0.44.4
      '@ark/util': 0.44.4
    dev: false

  /idb@8.0.2:
    resolution: {integrity: sha512-CX70rYhx7GDDQzwwQMDwF6kDRQi5vVs6khHUumDrMecBylKkwvZ8HWvKV08AGb7VbpoGCWUQ4aHzNDgoUiOIUg==}
    dev: false

  /nanoid@5.1.3:
    resolution: {integrity: sha512-zAbEOEr7u2CbxwoMRlz/pNSpRP0FdAU4pRaYunCdEezWohXFs+a0Xw7RfkKaezMsmSM1vttcLthJtwRnVtOfHQ==}
    engines: {node: ^18 || >=20}
    hasBin: true
    dev: false

  /typescript@5.8.2:
    resolution: {integrity: sha512-aJn6wq13/afZp/jT9QZmwEjDqqvSGp1VT5GVg+f/t6/oVyrgXM6BY1h9BRh/O5p3PlUPAe+WuiEZOmb/49RqoQ==}
    engines: {node: '>=14.17'}
    hasBin: true
    dev: true
